Microsoft Visual Studio Solution File, Format Version 12.00
# Visual Studio Version 17
VisualStudioVersion = 17.5.2.0
MinimumVisualStudioVersion = 10.0.40219.1
Project("{FAE04EC0-301F-11D3-BF4B-00C04F79EFBC}") = "Perform Operations on Arrays in C#", "Perform Operations on Arrays in C#.csproj", "{A0622439-8A47-8699-1355-635596BF5713}"
EndProject
Global
	GlobalSection(SolutionConfigurationPlatforms) = preSolution
		Debug|Any CPU = Debug|Any CPU
		Release|Any CPU = Release|Any CPU
	EndGlobalSection
	GlobalSection(ProjectConfigurationPlatforms) = postSolution
		{A0622439-8A47-8699-1355-635596BF5713}.Debug|Any CPU.ActiveCfg = Debug|Any CPU
		{A0622439-8A47-8699-1355-635596BF5713}.Debug|Any CPU.Build.0 = Debug|Any CPU
		{A0622439-8A47-8699-1355-635596BF5713}.Release|Any CPU.ActiveCfg = Release|Any CPU
		{A0622439-8A47-8699-1355-635596BF5713}.Release|Any CPU.Build.0 = Release|Any CPU
	EndGlobalSection
	GlobalSection(SolutionProperties) = preSolution
		HideSolutionNode = FALSE
	EndGlobalSection
	GlobalSection(ExtensibilityGlobals) = postSolution
		SolutionGuid = {A649AE3F-401F-4142-8A4C-9859EF77B80E}
	EndGlobalSection
EndGlobal
