Microsoft Visual Studio Solution File, Format Version 12.00
# Visual Studio Version 17
VisualStudioVersion = 17.5.2.0
MinimumVisualStudioVersion = 10.0.40219.1
Project("{FAE04EC0-301F-11D3-BF4B-00C04F79EFBC}") = "Do While and While Statements", "Do While and While Statements.csproj", "{041E21F0-527E-6936-FA36-19E20493F7D3}"
EndProject
Global
	GlobalSection(SolutionConfigurationPlatforms) = preSolution
		Debug|Any CPU = Debug|Any CPU
		Release|Any CPU = Release|Any CPU
	EndGlobalSection
	GlobalSection(ProjectConfigurationPlatforms) = postSolution
		{041E21F0-527E-6936-FA36-19E20493F7D3}.Debug|Any CPU.ActiveCfg = Debug|Any CPU
		{041E21F0-527E-6936-FA36-19E20493F7D3}.Debug|Any CPU.Build.0 = Debug|Any CPU
		{041E21F0-527E-6936-FA36-19E20493F7D3}.Release|Any CPU.ActiveCfg = Release|Any CPU
		{041E21F0-527E-6936-FA36-19E20493F7D3}.Release|Any CPU.Build.0 = Release|Any CPU
	EndGlobalSection
	GlobalSection(SolutionProperties) = preSolution
		HideSolutionNode = FALSE
	EndGlobalSection
	GlobalSection(ExtensibilityGlobals) = postSolution
		SolutionGuid = {16923381-F191-4565-9846-379C9FA25AC8}
	EndGlobalSection
EndGlobal
